
Microsoft Visual Studio Solution File, Format Version 12.00
# Visual Studio Version 17
VisualStudioVersion = 17.6.33801.468
MinimumVisualStudioVersion = 10.0.40219.1
Project("{9A19103F-16F7-4668-BE54-9A1E7A4F7556}") = "DiyetGunlugu.MODEL", "DiyetGunlugu.MODEL\DiyetGunlugu.MODEL.csproj", "{7ACB1CC2-9404-4DEF-83A0-CF112E8A9714}"
EndProject
Project("{9A19103F-16F7-4668-BE54-9A1E7A4F7556}") = "DiyetGunlugu.DAL", "DiyetGunlugu.DAL\DiyetGunlugu.DAL.csproj", "{84397678-61CE-410B-8852-6066E2880841}"
EndProject
Project("{9A19103F-16F7-4668-BE54-9A1E7A4F7556}") = "DiyetGunlugu.BLL", "DiyetGunlugu.BLL\DiyetGunlugu.BLL.csproj", "{8B4D4441-7355-46BB-9A04-884C30C79426}"
EndProject
Project("{9A19103F-16F7-4668-BE54-9A1E7A4F7556}") = "DiyetGunlugu.UI", "DiyetGunlugu.UI\DiyetGunlugu.UI.csproj", "{CA480888-9077-4AFF-B6FA-5729D7420905}"
EndProject
Global
	GlobalSection(SolutionConfigurationPlatforms) = preSolution
		Debug|Any CPU = Debug|Any CPU
		Release|Any CPU = Release|Any CPU
	EndGlobalSection
	GlobalSection(ProjectConfigurationPlatforms) = postSolution
		{7ACB1CC2-9404-4DEF-83A0-CF112E8A9714}.Debug|Any CPU.ActiveCfg = Debug|Any CPU
		{7ACB1CC2-9404-4DEF-83A0-CF112E8A9714}.Debug|Any CPU.Build.0 = Debug|Any CPU
		{7ACB1CC2-9404-4DEF-83A0-CF112E8A9714}.Release|Any CPU.ActiveCfg = Release|Any CPU
		{7ACB1CC2-9404-4DEF-83A0-CF112E8A9714}.Release|Any CPU.Build.0 = Release|Any CPU
		{84397678-61CE-410B-8852-6066E2880841}.Debug|Any CPU.ActiveCfg = Debug|Any CPU
		{84397678-61CE-410B-8852-6066E2880841}.Debug|Any CPU.Build.0 = Debug|Any CPU
		{84397678-61CE-410B-8852-6066E2880841}.Release|Any CPU.ActiveCfg = Release|Any CPU
		{84397678-61CE-410B-8852-6066E2880841}.Release|Any CPU.Build.0 = Release|Any CPU
		{8B4D4441-7355-46BB-9A04-884C30C79426}.Debug|Any CPU.ActiveCfg = Debug|Any CPU
		{8B4D4441-7355-46BB-9A04-884C30C79426}.Debug|Any CPU.Build.0 = Debug|Any CPU
		{8B4D4441-7355-46BB-9A04-884C30C79426}.Release|Any CPU.ActiveCfg = Release|Any CPU
		{8B4D4441-7355-46BB-9A04-884C30C79426}.Release|Any CPU.Build.0 = Release|Any CPU
		{CA480888-9077-4AFF-B6FA-5729D7420905}.Debug|Any CPU.ActiveCfg = Debug|Any CPU
		{CA480888-9077-4AFF-B6FA-5729D7420905}.Debug|Any CPU.Build.0 = Debug|Any CPU
		{CA480888-9077-4AFF-B6FA-5729D7420905}.Release|Any CPU.ActiveCfg = Release|Any CPU
		{CA480888-9077-4AFF-B6FA-5729D7420905}.Release|Any CPU.Build.0 = Release|Any CPU
	EndGlobalSection
	GlobalSection(SolutionProperties) = preSolution
		HideSolutionNode = FALSE
	EndGlobalSection
	GlobalSection(ExtensibilityGlobals) = postSolution
		SolutionGuid = {89923A52-AED1-411C-A0C6-91412A7489D5}
	EndGlobalSection
EndGlobal
